
Microsoft Visual Studio Solution File, Format Version 12.00
# Visual Studio Version 17
VisualStudioVersion = 17.5.002.0
MinimumVisualStudioVersion = 10.0.40219.1
Project("{9A19103F-16F7-4668-BE54-9A1E7A4F7556}") = "SistemaCadastro", "SistemaCadastro.csproj", "{58C5BC42-55E2-408F-8408-387DBDEFC4DF}"
EndProject
Global
	GlobalSection(SolutionConfigurationPlatforms) = preSolution
		Debug|Any CPU = Debug|Any CPU
		Release|Any CPU = Release|Any CPU
	EndGlobalSection
	GlobalSection(ProjectConfigurationPlatforms) = postSolution
		{58C5BC42-55E2-408F-8408-387DBDEFC4DF}.Debug|Any CPU.ActiveCfg = Debug|Any CPU
		{58C5BC42-55E2-408F-8408-387DBDEFC4DF}.Debug|Any CPU.Build.0 = Debug|Any CPU
		{58C5BC42-55E2-408F-8408-387DBDEFC4DF}.Release|Any CPU.ActiveCfg = Release|Any CPU
		{58C5BC42-55E2-408F-8408-387DBDEFC4DF}.Release|Any CPU.Build.0 = Release|Any CPU
	EndGlobalSection
	GlobalSection(SolutionProperties) = preSolution
		HideSolutionNode = FALSE
	EndGlobalSection
	GlobalSection(ExtensibilityGlobals) = postSolution
		SolutionGuid = {CC90AEA9-714E-4CD7-80D7-86602F9633AF}
	EndGlobalSection
EndGlobal
